
Microsoft Visual Studio Solution File, Format Version 12.00
# Visual Studio Version 17
VisualStudioVersion = 17.5.002.0
MinimumVisualStudioVersion = 10.0.40219.1
Project("{9A19103F-16F7-4668-BE54-9A1E7A4F7556}") = "10-Numbers", "10-Numbers.csproj", "{D9BE9FB5-1AE5-4D9F-B2F9-E1299985691B}"
EndProject
Global
	GlobalSection(SolutionConfigurationPlatforms) = preSolution
		Debug|Any CPU = Debug|Any CPU
		Release|Any CPU = Release|Any CPU
	EndGlobalSection
	GlobalSection(ProjectConfigurationPlatforms) = postSolution
		{D9BE9FB5-1AE5-4D9F-B2F9-E1299985691B}.Debug|Any CPU.ActiveCfg = Debug|Any CPU
		{D9BE9FB5-1AE5-4D9F-B2F9-E1299985691B}.Debug|Any CPU.Build.0 = Debug|Any CPU
		{D9BE9FB5-1AE5-4D9F-B2F9-E1299985691B}.Release|Any CPU.ActiveCfg = Release|Any CPU
		{D9BE9FB5-1AE5-4D9F-B2F9-E1299985691B}.Release|Any CPU.Build.0 = Release|Any CPU
	EndGlobalSection
	GlobalSection(SolutionProperties) = preSolution
		HideSolutionNode = FALSE
	EndGlobalSection
	GlobalSection(ExtensibilityGlobals) = postSolution
		SolutionGuid = {F0FED743-36BB-4C12-9511-17C33CCF185A}
	EndGlobalSection
EndGlobal
