
Microsoft Visual Studio Solution File, Format Version 12.00
# Visual Studio Version 17
VisualStudioVersion = 17.0.31903.59
MinimumVisualStudioVersion = 10.0.40219.1
Project("{FAE04EC0-301F-11D3-BF4B-00C04F79EFBC}") = "10-Strings", "10-Strings\10-Strings.csproj", "{8CDD3D65-CE50-43FE-A1D0-A1A302866E38}"
EndProject
Project("{FAE04EC0-301F-11D3-BF4B-00C04F79EFBC}") = "200-linq-basics", "200-linq-basics\200-linq-basics.csproj", "{2ADA1AF7-C1A1-43A7-8892-12CFB388BCCE}"
EndProject
Project("{FAE04EC0-301F-11D3-BF4B-00C04F79EFBC}") = "210-linq-order-filter", "210-linq-order-filter\210-linq-order-filter.csproj", "{4E3C17BC-C154-415C-B35C-7A1D3F9AF662}"
EndProject
Project("{FAE04EC0-301F-11D3-BF4B-00C04F79EFBC}") = "220-linq-find-items", "220-linq-find-items\220-linq-find-items.csproj", "{4F41A53E-0E6C-4F3C-8F5F-B2430F8DC409}"
EndProject
Project("{FAE04EC0-301F-11D3-BF4B-00C04F79EFBC}") = "300-async-await-basic", "300-async-await-basic\300-async-await-basic.csproj", "{AB6BBDB0-DAA1-4DFC-8092-A64A9E2F0399}"
EndProject
Project("{FAE04EC0-301F-11D3-BF4B-00C04F79EFBC}") = "310-async-cancel", "310-async-cancel\310-async-cancel.csproj", "{298098AC-E850-4AE8-85F2-C2240FF3AE17}"
EndProject
Project("{FAE04EC0-301F-11D3-BF4B-00C04F79EFBC}") = "305-async-without-await", "305-async-without-await\305-async-without-await.csproj", "{080A137B-435E-4FB6-970E-AED891CAF848}"
EndProject
Project("{FAE04EC0-301F-11D3-BF4B-00C04F79EFBC}") = "60-classes", "60-classes\60-classes.csproj", "{CFEC6978-16C2-4433-82AF-236F028222D9}"
EndProject
Project("{FAE04EC0-301F-11D3-BF4B-00C04F79EFBC}") = "Exercise-1-Calculator", "Exercise-1-Calculator\Exercise-1-Calculator.csproj", "{D4CEC161-19B4-41D8-A1EE-8D4EAFDDC1F0}"
EndProject
Project("{FAE04EC0-301F-11D3-BF4B-00C04F79EFBC}") = "Exerceise-2-JsonPlaceholder", "Exerceise-2-JsonPlaceholder\Exerceise-2-JsonPlaceholder.csproj", "{39652AC6-F37C-4B28-91E3-A5FA9F680A19}"
EndProject
Project("{FAE04EC0-301F-11D3-BF4B-00C04F79EFBC}") = "400-JSON", "400-JSON\400-JSON.csproj", "{487A04EF-CD53-4D08-87FD-F265D7C97F7D}"
EndProject
Project("{FAE04EC0-301F-11D3-BF4B-00C04F79EFBC}") = "85-Records", "85-Records\85-Records.csproj", "{3139D4FA-AA37-4D02-8D2F-6882C0CF9A9E}"
EndProject
Project("{FAE04EC0-301F-11D3-BF4B-00C04F79EFBC}") = "70-value-reference-type", "70-value-reference-type\70-value-reference-type.csproj", "{923B3FF3-DCA4-4A76-AAED-4AED70E6FF1E}"
EndProject
Project("{FAE04EC0-301F-11D3-BF4B-00C04F79EFBC}") = "410-Regex", "410-Regex\410-Regex.csproj", "{DE36CABA-AFD3-435C-A3DF-17C5308E0D3A}"
EndProject
Project("{FAE04EC0-301F-11D3-BF4B-00C04F79EFBC}") = "110-unit-test", "110-unit-test\110-unit-test.csproj", "{D48274B0-4085-4CC7-831D-6FEAB08820FD}"
EndProject
Project("{FAE04EC0-301F-11D3-BF4B-00C04F79EFBC}") = "90-arrays-collections", "90-arrays-collections\90-arrays-collections.csproj", "{E1332648-1F3A-41CD-8F1A-3136D4AE0435}"
EndProject
Project("{FAE04EC0-301F-11D3-BF4B-00C04F79EFBC}") = "100-var", "100-var\100-var.csproj", "{A9528A51-C43D-4889-8D8B-3D6910FC1D2A}"
EndProject
Global
	GlobalSection(SolutionConfigurationPlatforms) = preSolution
		Debug|Any CPU = Debug|Any CPU
		Release|Any CPU = Release|Any CPU
	EndGlobalSection
	GlobalSection(ProjectConfigurationPlatforms) = postSolution
		{8CDD3D65-CE50-43FE-A1D0-A1A302866E38}.Debug|Any CPU.ActiveCfg = Debug|Any CPU
		{8CDD3D65-CE50-43FE-A1D0-A1A302866E38}.Debug|Any CPU.Build.0 = Debug|Any CPU
		{8CDD3D65-CE50-43FE-A1D0-A1A302866E38}.Release|Any CPU.ActiveCfg = Release|Any CPU
		{8CDD3D65-CE50-43FE-A1D0-A1A302866E38}.Release|Any CPU.Build.0 = Release|Any CPU
		{2ADA1AF7-C1A1-43A7-8892-12CFB388BCCE}.Debug|Any CPU.ActiveCfg = Debug|Any CPU
		{2ADA1AF7-C1A1-43A7-8892-12CFB388BCCE}.Debug|Any CPU.Build.0 = Debug|Any CPU
		{2ADA1AF7-C1A1-43A7-8892-12CFB388BCCE}.Release|Any CPU.ActiveCfg = Release|Any CPU
		{2ADA1AF7-C1A1-43A7-8892-12CFB388BCCE}.Release|Any CPU.Build.0 = Release|Any CPU
		{4E3C17BC-C154-415C-B35C-7A1D3F9AF662}.Debug|Any CPU.ActiveCfg = Debug|Any CPU
		{4E3C17BC-C154-415C-B35C-7A1D3F9AF662}.Debug|Any CPU.Build.0 = Debug|Any CPU
		{4E3C17BC-C154-415C-B35C-7A1D3F9AF662}.Release|Any CPU.ActiveCfg = Release|Any CPU
		{4E3C17BC-C154-415C-B35C-7A1D3F9AF662}.Release|Any CPU.Build.0 = Release|Any CPU
		{4F41A53E-0E6C-4F3C-8F5F-B2430F8DC409}.Debug|Any CPU.ActiveCfg = Debug|Any CPU
		{4F41A53E-0E6C-4F3C-8F5F-B2430F8DC409}.Debug|Any CPU.Build.0 = Debug|Any CPU
		{4F41A53E-0E6C-4F3C-8F5F-B2430F8DC409}.Release|Any CPU.ActiveCfg = Release|Any CPU
		{4F41A53E-0E6C-4F3C-8F5F-B2430F8DC409}.Release|Any CPU.Build.0 = Release|Any CPU
		{AB6BBDB0-DAA1-4DFC-8092-A64A9E2F0399}.Debug|Any CPU.ActiveCfg = Debug|Any CPU
		{AB6BBDB0-DAA1-4DFC-8092-A64A9E2F0399}.Debug|Any CPU.Build.0 = Debug|Any CPU
		{AB6BBDB0-DAA1-4DFC-8092-A64A9E2F0399}.Release|Any CPU.ActiveCfg = Release|Any CPU
		{AB6BBDB0-DAA1-4DFC-8092-A64A9E2F0399}.Release|Any CPU.Build.0 = Release|Any CPU
		{298098AC-E850-4AE8-85F2-C2240FF3AE17}.Debug|Any CPU.ActiveCfg = Debug|Any CPU
		{298098AC-E850-4AE8-85F2-C2240FF3AE17}.Debug|Any CPU.Build.0 = Debug|Any CPU
		{298098AC-E850-4AE8-85F2-C2240FF3AE17}.Release|Any CPU.ActiveCfg = Release|Any CPU
		{298098AC-E850-4AE8-85F2-C2240FF3AE17}.Release|Any CPU.Build.0 = Release|Any CPU
		{080A137B-435E-4FB6-970E-AED891CAF848}.Debug|Any CPU.ActiveCfg = Debug|Any CPU
		{080A137B-435E-4FB6-970E-AED891CAF848}.Debug|Any CPU.Build.0 = Debug|Any CPU
		{080A137B-435E-4FB6-970E-AED891CAF848}.Release|Any CPU.ActiveCfg = Release|Any CPU
		{080A137B-435E-4FB6-970E-AED891CAF848}.Release|Any CPU.Build.0 = Release|Any CPU
		{CFEC6978-16C2-4433-82AF-236F028222D9}.Debug|Any CPU.ActiveCfg = Debug|Any CPU
		{CFEC6978-16C2-4433-82AF-236F028222D9}.Debug|Any CPU.Build.0 = Debug|Any CPU
		{CFEC6978-16C2-4433-82AF-236F028222D9}.Release|Any CPU.ActiveCfg = Release|Any CPU
		{CFEC6978-16C2-4433-82AF-236F028222D9}.Release|Any CPU.Build.0 = Release|Any CPU
		{D4CEC161-19B4-41D8-A1EE-8D4EAFDDC1F0}.Debug|Any CPU.ActiveCfg = Debug|Any CPU
		{D4CEC161-19B4-41D8-A1EE-8D4EAFDDC1F0}.Debug|Any CPU.Build.0 = Debug|Any CPU
		{D4CEC161-19B4-41D8-A1EE-8D4EAFDDC1F0}.Release|Any CPU.ActiveCfg = Release|Any CPU
		{D4CEC161-19B4-41D8-A1EE-8D4EAFDDC1F0}.Release|Any CPU.Build.0 = Release|Any CPU
		{39652AC6-F37C-4B28-91E3-A5FA9F680A19}.Debug|Any CPU.ActiveCfg = Debug|Any CPU
		{39652AC6-F37C-4B28-91E3-A5FA9F680A19}.Debug|Any CPU.Build.0 = Debug|Any CPU
		{39652AC6-F37C-4B28-91E3-A5FA9F680A19}.Release|Any CPU.ActiveCfg = Release|Any CPU
		{39652AC6-F37C-4B28-91E3-A5FA9F680A19}.Release|Any CPU.Build.0 = Release|Any CPU
		{487A04EF-CD53-4D08-87FD-F265D7C97F7D}.Debug|Any CPU.ActiveCfg = Debug|Any CPU
		{487A04EF-CD53-4D08-87FD-F265D7C97F7D}.Debug|Any CPU.Build.0 = Debug|Any CPU
		{487A04EF-CD53-4D08-87FD-F265D7C97F7D}.Release|Any CPU.ActiveCfg = Release|Any CPU
		{487A04EF-CD53-4D08-87FD-F265D7C97F7D}.Release|Any CPU.Build.0 = Release|Any CPU
		{3139D4FA-AA37-4D02-8D2F-6882C0CF9A9E}.Debug|Any CPU.ActiveCfg = Debug|Any CPU
		{3139D4FA-AA37-4D02-8D2F-6882C0CF9A9E}.Debug|Any CPU.Build.0 = Debug|Any CPU
		{3139D4FA-AA37-4D02-8D2F-6882C0CF9A9E}.Release|Any CPU.ActiveCfg = Release|Any CPU
		{3139D4FA-AA37-4D02-8D2F-6882C0CF9A9E}.Release|Any CPU.Build.0 = Release|Any CPU
		{923B3FF3-DCA4-4A76-AAED-4AED70E6FF1E}.Debug|Any CPU.ActiveCfg = Debug|Any CPU
		{923B3FF3-DCA4-4A76-AAED-4AED70E6FF1E}.Debug|Any CPU.Build.0 = Debug|Any CPU
		{923B3FF3-DCA4-4A76-AAED-4AED70E6FF1E}.Release|Any CPU.ActiveCfg = Release|Any CPU
		{923B3FF3-DCA4-4A76-AAED-4AED70E6FF1E}.Release|Any CPU.Build.0 = Release|Any CPU
		{DE36CABA-AFD3-435C-A3DF-17C5308E0D3A}.Debug|Any CPU.ActiveCfg = Debug|Any CPU
		{DE36CABA-AFD3-435C-A3DF-17C5308E0D3A}.Debug|Any CPU.Build.0 = Debug|Any CPU
		{DE36CABA-AFD3-435C-A3DF-17C5308E0D3A}.Release|Any CPU.ActiveCfg = Release|Any CPU
		{DE36CABA-AFD3-435C-A3DF-17C5308E0D3A}.Release|Any CPU.Build.0 = Release|Any CPU
		{D48274B0-4085-4CC7-831D-6FEAB08820FD}.Debug|Any CPU.ActiveCfg = Debug|Any CPU
		{D48274B0-4085-4CC7-831D-6FEAB08820FD}.Debug|Any CPU.Build.0 = Debug|Any CPU
		{D48274B0-4085-4CC7-831D-6FEAB08820FD}.Release|Any CPU.ActiveCfg = Release|Any CPU
		{D48274B0-4085-4CC7-831D-6FEAB08820FD}.Release|Any CPU.Build.0 = Release|Any CPU
		{E1332648-1F3A-41CD-8F1A-3136D4AE0435}.Debug|Any CPU.ActiveCfg = Debug|Any CPU
		{E1332648-1F3A-41CD-8F1A-3136D4AE0435}.Debug|Any CPU.Build.0 = Debug|Any CPU
		{E1332648-1F3A-41CD-8F1A-3136D4AE0435}.Release|Any CPU.ActiveCfg = Release|Any CPU
		{E1332648-1F3A-41CD-8F1A-3136D4AE0435}.Release|Any CPU.Build.0 = Release|Any CPU
		{A9528A51-C43D-4889-8D8B-3D6910FC1D2A}.Debug|Any CPU.ActiveCfg = Debug|Any CPU
		{A9528A51-C43D-4889-8D8B-3D6910FC1D2A}.Debug|Any CPU.Build.0 = Debug|Any CPU
		{A9528A51-C43D-4889-8D8B-3D6910FC1D2A}.Release|Any CPU.ActiveCfg = Release|Any CPU
		{A9528A51-C43D-4889-8D8B-3D6910FC1D2A}.Release|Any CPU.Build.0 = Release|Any CPU
	EndGlobalSection
	GlobalSection(SolutionProperties) = preSolution
		HideSolutionNode = FALSE
	EndGlobalSection
EndGlobal
