
Microsoft Visual Studio Solution File, Format Version 12.00
# Visual Studio Version 17
VisualStudioVersion = 17.5.002.0
MinimumVisualStudioVersion = 10.0.40219.1
Project("{9A19103F-16F7-4668-BE54-9A1E7A4F7556}") = "200-linq-basics", "200-linq-basics.csproj", "{BCD4D212-3706-4EA8-9835-3CBF87B1B571}"
EndProject
Global
	GlobalSection(SolutionConfigurationPlatforms) = preSolution
		Debug|Any CPU = Debug|Any CPU
		Release|Any CPU = Release|Any CPU
	EndGlobalSection
	GlobalSection(ProjectConfigurationPlatforms) = postSolution
		{BCD4D212-3706-4EA8-9835-3CBF87B1B571}.Debug|Any CPU.ActiveCfg = Debug|Any CPU
		{BCD4D212-3706-4EA8-9835-3CBF87B1B571}.Debug|Any CPU.Build.0 = Debug|Any CPU
		{BCD4D212-3706-4EA8-9835-3CBF87B1B571}.Release|Any CPU.ActiveCfg = Release|Any CPU
		{BCD4D212-3706-4EA8-9835-3CBF87B1B571}.Release|Any CPU.Build.0 = Release|Any CPU
	EndGlobalSection
	GlobalSection(SolutionProperties) = preSolution
		HideSolutionNode = FALSE
	EndGlobalSection
	GlobalSection(ExtensibilityGlobals) = postSolution
		SolutionGuid = {BDFC68CF-26D5-4E7A-8F98-C6550CCB8C63}
	EndGlobalSection
EndGlobal
