
Microsoft Visual Studio Solution File, Format Version 12.00
# Visual Studio Version 17
VisualStudioVersion = 17.5.002.0
MinimumVisualStudioVersion = 10.0.40219.1
Project("{9A19103F-16F7-4668-BE54-9A1E7A4F7556}") = "30-DateTime", "30-DateTime.csproj", "{DE293825-7BEA-48FD-8E60-C6C47D6EC749}"
EndProject
Global
	GlobalSection(SolutionConfigurationPlatforms) = preSolution
		Debug|Any CPU = Debug|Any CPU
		Release|Any CPU = Release|Any CPU
	EndGlobalSection
	GlobalSection(ProjectConfigurationPlatforms) = postSolution
		{DE293825-7BEA-48FD-8E60-C6C47D6EC749}.Debug|Any CPU.ActiveCfg = Debug|Any CPU
		{DE293825-7BEA-48FD-8E60-C6C47D6EC749}.Debug|Any CPU.Build.0 = Debug|Any CPU
		{DE293825-7BEA-48FD-8E60-C6C47D6EC749}.Release|Any CPU.ActiveCfg = Release|Any CPU
		{DE293825-7BEA-48FD-8E60-C6C47D6EC749}.Release|Any CPU.Build.0 = Release|Any CPU
	EndGlobalSection
	GlobalSection(SolutionProperties) = preSolution
		HideSolutionNode = FALSE
	EndGlobalSection
	GlobalSection(ExtensibilityGlobals) = postSolution
		SolutionGuid = {DFD6FF36-6215-4D22-894D-46113FBF4ACF}
	EndGlobalSection
EndGlobal
