
Microsoft Visual Studio Solution File, Format Version 12.00
# Visual Studio Version 17
VisualStudioVersion = 17.5.002.0
MinimumVisualStudioVersion = 10.0.40219.1
Project("{9A19103F-16F7-4668-BE54-9A1E7A4F7556}") = "Exercise-1-Calculator", "Exercise-1-Calculator.csproj", "{0BD77A1B-BA40-4000-81DB-19407FC6444D}"
EndProject
Global
	GlobalSection(SolutionConfigurationPlatforms) = preSolution
		Debug|Any CPU = Debug|Any CPU
		Release|Any CPU = Release|Any CPU
	EndGlobalSection
	GlobalSection(ProjectConfigurationPlatforms) = postSolution
		{0BD77A1B-BA40-4000-81DB-19407FC6444D}.Debug|Any CPU.ActiveCfg = Debug|Any CPU
		{0BD77A1B-BA40-4000-81DB-19407FC6444D}.Debug|Any CPU.Build.0 = Debug|Any CPU
		{0BD77A1B-BA40-4000-81DB-19407FC6444D}.Release|Any CPU.ActiveCfg = Release|Any CPU
		{0BD77A1B-BA40-4000-81DB-19407FC6444D}.Release|Any CPU.Build.0 = Release|Any CPU
	EndGlobalSection
	GlobalSection(SolutionProperties) = preSolution
		HideSolutionNode = FALSE
	EndGlobalSection
	GlobalSection(ExtensibilityGlobals) = postSolution
		SolutionGuid = {3FD86B61-A26C-492E-87E6-44CEF9DFF722}
	EndGlobalSection
EndGlobal
